Microsoft Visual Studio Solution File, Format Version 11.00
# Visual Studio 2008

Project("{FEC8E1B0-7953-F933-0880-6D8390603E9D}") = "IP2", "Assembly-CSharp-vs.csproj", "{50D1BEE4-A5E4-53FF-6284-D61669A45919}"
EndProject
Global
	GlobalSection(SolutionConfigurationPlatforms) = preSolution
		Debug|Any CPU = Debug|Any CPU
		Release|Any CPU = Release|Any CPU
	EndGlobalSection
	GlobalSection(ProjectConfigurationPlatforms) = postSolution
		{50D1BEE4-A5E4-53FF-6284-D61669A45919}.Debug|Any CPU.ActiveCfg = Debug|Any CPU
		{50D1BEE4-A5E4-53FF-6284-D61669A45919}.Debug|Any CPU.Build.0 = Debug|Any CPU
		{50D1BEE4-A5E4-53FF-6284-D61669A45919}.Release|Any CPU.ActiveCfg = Release|Any CPU
		{50D1BEE4-A5E4-53FF-6284-D61669A45919}.Release|Any CPU.Build.0 = Release|Any CPU
	EndGlobalSection
	GlobalSection(SolutionProperties) = preSolution
		HideSolutionNode = FALSE
	EndGlobalSection
																												GlobalSection(MonoDevelopProperties) = preSolution
		StartupItem = Assembly-CSharp.csproj
		Policies = $0
		$0.TextStylePolicy = $1
		$1.inheritsSet = null
		$1.scope = text/x-csharp
		$0.CSharpFormattingPolicy = $2
		$2.inheritsSet = Mono
		$2.inheritsScope = text/x-csharp
		$2.scope = text/x-csharp
		$0.TextStylePolicy = $3
		$3.FileWidth = 120
		$3.TabWidth = 4
		$3.EolMarker = Unix
		$3.inheritsSet = Mono
		$3.inheritsScope = text/plain
		$3.scope = text/plain
	EndGlobalSection

EndGlobal
